
Microsoft Visual Studio Solution File, Format Version 12.00
# Visual Studio Version 17
VisualStudioVersion = 17.3.32819.101
MinimumVisualStudioVersion = 10.0.40219.1
Project("{FAE04EC0-301F-11D3-BF4B-00C04F79EFBC}") = "persnal project", "persnal project\persnal project.csproj", "{0F59722F-2F5E-4C49-9DCB-5F6856CDFF95}"
EndProject
Global
	GlobalSection(SolutionConfigurationPlatforms) = preSolution
		Debug|Any CPU = Debug|Any CPU
		Release|Any CPU = Release|Any CPU
	EndGlobalSection
	GlobalSection(ProjectConfigurationPlatforms) = postSolution
		{0F59722F-2F5E-4C49-9DCB-5F6856CDFF95}.Debug|Any CPU.ActiveCfg = Debug|Any CPU
		{0F59722F-2F5E-4C49-9DCB-5F6856CDFF95}.Debug|Any CPU.Build.0 = Debug|Any CPU
		{0F59722F-2F5E-4C49-9DCB-5F6856CDFF95}.Release|Any CPU.ActiveCfg = Release|Any CPU
		{0F59722F-2F5E-4C49-9DCB-5F6856CDFF95}.Release|Any CPU.Build.0 = Release|Any CPU
	EndGlobalSection
	GlobalSection(SolutionProperties) = preSolution
		HideSolutionNode = FALSE
	EndGlobalSection
	GlobalSection(ExtensibilityGlobals) = postSolution
		SolutionGuid = {3A823B6C-49C2-485C-9D74-8C5C12C17AF9}
	EndGlobalSection
EndGlobal
